
Microsoft Visual Studio Solution File, Format Version 12.00
# Visual Studio Version 16
VisualStudioVersion = 16.0.30621.155
MinimumVisualStudioVersion = 10.0.40219.1
Project("{9A19103F-16F7-4668-BE54-9A1E7A4F7556}") = "RPSgameUT", "RPSgameUT.csproj", "{95D6D4BD-465C-4DC8-9910-3680A92AFD01}"
EndProject
Global
	GlobalSection(SolutionConfigurationPlatforms) = preSolution
		Debug|Any CPU = Debug|Any CPU
		Release|Any CPU = Release|Any CPU
	EndGlobalSection
	GlobalSection(ProjectConfigurationPlatforms) = postSolution
		{95D6D4BD-465C-4DC8-9910-3680A92AFD01}.Debug|Any CPU.ActiveCfg = Debug|Any CPU
		{95D6D4BD-465C-4DC8-9910-3680A92AFD01}.Debug|Any CPU.Build.0 = Debug|Any CPU
		{95D6D4BD-465C-4DC8-9910-3680A92AFD01}.Release|Any CPU.ActiveCfg = Release|Any CPU
		{95D6D4BD-465C-4DC8-9910-3680A92AFD01}.Release|Any CPU.Build.0 = Release|Any CPU
	EndGlobalSection
	GlobalSection(SolutionProperties) = preSolution
		HideSolutionNode = FALSE
	EndGlobalSection
	GlobalSection(ExtensibilityGlobals) = postSolution
		SolutionGuid = {A5F693B4-2576-404C-86B3-6DA97699E8C2}
	EndGlobalSection
EndGlobal
